
Microsoft Visual Studio Solution File, Format Version 12.00
# Visual Studio 15
VisualStudioVersion = 15.0.27004.2009
MinimumVisualStudioVersion = 10.0.40219.1
Project("{FAE04EC0-301F-11D3-BF4B-00C04F79EFBC}") = "handlers.Uri.net", "handlers.Uri.net\handlers.Uri.net.csproj", "{3479963D-5EE8-43F4-9A2F-DF4636BD0631}"
EndProject
Project("{FAE04EC0-301F-11D3-BF4B-00C04F79EFBC}") = "handlers.Uri.UnitTests", "handlers.Uri.UnitTests\handlers.Uri.UnitTests.csproj", "{B81E7769-0246-4F69-9D9A-5A68D2783BA1}"
EndProject
Global
	GlobalSection(SolutionConfigurationPlatforms) = preSolution
		Debug|Any CPU = Debug|Any CPU
		Release|Any CPU = Release|Any CPU
	EndGlobalSection
	GlobalSection(ProjectConfigurationPlatforms) = postSolution
		{3479963D-5EE8-43F4-9A2F-DF4636BD0631}.Debug|Any CPU.ActiveCfg = Debug|Any CPU
		{3479963D-5EE8-43F4-9A2F-DF4636BD0631}.Debug|Any CPU.Build.0 = Debug|Any CPU
		{3479963D-5EE8-43F4-9A2F-DF4636BD0631}.Release|Any CPU.ActiveCfg = Release|Any CPU
		{3479963D-5EE8-43F4-9A2F-DF4636BD0631}.Release|Any CPU.Build.0 = Release|Any CPU
		{B81E7769-0246-4F69-9D9A-5A68D2783BA1}.Debug|Any CPU.ActiveCfg = Debug|Any CPU
		{B81E7769-0246-4F69-9D9A-5A68D2783BA1}.Debug|Any CPU.Build.0 = Debug|Any CPU
		{B81E7769-0246-4F69-9D9A-5A68D2783BA1}.Release|Any CPU.ActiveCfg = Release|Any CPU
		{B81E7769-0246-4F69-9D9A-5A68D2783BA1}.Release|Any CPU.Build.0 = Release|Any CPU
	EndGlobalSection
	GlobalSection(SolutionProperties) = preSolution
		HideSolutionNode = FALSE
	EndGlobalSection
	GlobalSection(ExtensibilityGlobals) = postSolution
		SolutionGuid = {7E5EF033-210D-4C0E-A544-833D593839F1}
	EndGlobalSection
EndGlobal
